
Microsoft Visual Studio Solution File, Format Version 12.00
# Visual Studio Version 16
VisualStudioVersion = 16.0.29409.12
MinimumVisualStudioVersion = 10.0.40219.1
Project("{FAE04EC0-301F-11D3-BF4B-00C04F79EFBC}") = "GymManagement", "GymManagement\GymManagement.csproj", "{347B6B0F-0640-4304-A0A6-271AB4C042CC}"
EndProject
Global
	GlobalSection(SolutionConfigurationPlatforms) = preSolution
		Debug|Any CPU = Debug|Any CPU
		Release|Any CPU = Release|Any CPU
	EndGlobalSection
	GlobalSection(ProjectConfigurationPlatforms) = postSolution
		{347B6B0F-0640-4304-A0A6-271AB4C042CC}.Debug|Any CPU.ActiveCfg = Debug|Any CPU
		{347B6B0F-0640-4304-A0A6-271AB4C042CC}.Debug|Any CPU.Build.0 = Debug|Any CPU
		{347B6B0F-0640-4304-A0A6-271AB4C042CC}.Release|Any CPU.ActiveCfg = Release|Any CPU
		{347B6B0F-0640-4304-A0A6-271AB4C042CC}.Release|Any CPU.Build.0 = Release|Any CPU
	EndGlobalSection
	GlobalSection(SolutionProperties) = preSolution
		HideSolutionNode = FALSE
	EndGlobalSection
	GlobalSection(ExtensibilityGlobals) = postSolution
		SolutionGuid = {DA6A4FC9-3B10-40D4-AB21-37FCDAC276C4}
	EndGlobalSection
EndGlobal
